
Microsoft Visual Studio Solution File, Format Version 12.00
# Visual Studio 2017
Project("{FAE04EC0-301F-11D3-BF4B-00C04F79EFBC}") = "New Unity Project 5", "New Unity Project 5.csproj", "{C18AD74C-7291-D357-320A-6E926BF1276D}"
EndProject
Global
	GlobalSection(SolutionConfigurationPlatforms) = preSolution
		Debug|Any CPU = Debug|Any CPU
		Release|Any CPU = Release|Any CPU
	EndGlobalSection
	GlobalSection(ProjectConfigurationPlatforms) = postSolution
		{C18AD74C-7291-D357-320A-6E926BF1276D}.Debug|Any CPU.ActiveCfg = Debug|Any CPU
		{C18AD74C-7291-D357-320A-6E926BF1276D}.Debug|Any CPU.Build.0 = Debug|Any CPU
		{C18AD74C-7291-D357-320A-6E926BF1276D}.Release|Any CPU.ActiveCfg = Release|Any CPU
		{C18AD74C-7291-D357-320A-6E926BF1276D}.Release|Any CPU.Build.0 = Release|Any CPU
	EndGlobalSection
	GlobalSection(SolutionProperties) = preSolution
		HideSolutionNode = FALSE
	EndGlobalSection
EndGlobal
